<?xml version="1.0" encoding="utf-8"?>
<Project ToolsVersion="4.0" xmlns="http://schemas.microsoft.com/developer/msbuild/2003">
  <ItemGroup>
    <Filter Include="Source Files">
      <UniqueIdentifier>{4FC737F1-C7A5-4376-A066-2A32D752A2FF}</UniqueIdentifier>
      <Extensions>cpp;c;cc;cxx;def;odl;idl;hpj;bat;asm;asmx</Extensions>
    </Filter>
    <Filter Include="Header Files">
      <UniqueIdentifier>{93995380-89BD-4b04-88EB-625FBE52EBFB}</UniqueIdentifier>
      <Extensions>h;hh;hpp;hxx;hm;inl;inc;xsd</Extensions>
    </Filter>
    <Filter Include="Resource Files">
      <UniqueIdentifier>{67DA6AB6-F800-4c08-8B7A-83BB121AAD01}</UniqueIdentifier>
      <Extensions>rc;ico;cur;bmp;dlg;rc2;rct;bin;rgs;gif;jpg;jpeg;jpe;resx;tiff;tif;png;wav;mfcribbon-ms</Extensions>
    </Filter>
  </ItemGroup>
  <ItemGroup>
    <ClInclude Include="include\container\LockFreeLinkedList.h">
      <Filter>Header Files</Filter>
    </ClInclude>
    <ClInclude Include="include\scheduler\fiber\Fiber.h">
      <Filter>Header Files</Filter>
    </ClInclude>
    <ClInclude Include="include\scheduler\fiber\FiberEntryPoint.h">
      <Filter>Header Files</Filter>
    </ClInclude>
    <ClInclude Include="include\scheduler\fiber\FiberPool.h">
      <Filter>Header Files</Filter>
    </ClInclude>
    <ClInclude Include="include\scheduler\fiber\FiberTaskScheduler.h">
      <Filter>Header Files</Filter>
    </ClInclude>
    <ClInclude Include="include\scheduler\fiber\FiberTaskSchedulerAgent.h">
      <Filter>Header Files</Filter>
    </ClInclude>
    <ClInclude Include="include\scheduler\fiber\FiberTaskSchedulerProxy.h">
      <Filter>Header Files</Filter>
    </ClInclude>
    <ClInclude Include="include\scheduler\fiber\Task.h">
      <Filter>Header Files</Filter>
    </ClInclude>
    <ClInclude Include="include\scheduler\fiber\TaskDecl.h">
      <Filter>Header Files</Filter>
    </ClInclude>
    <ClInclude Include="include\scheduler\fiber\TaskSyncPrimitive.h">
      <Filter>Header Files</Filter>
    </ClInclude>
    <ClInclude Include="include\scheduler\fiber\TaskSyncPrimitiveData.h">
      <Filter>Header Files</Filter>
    </ClInclude>
    <ClInclude Include="include\scheduler\fiber\WindowsFiberHelper.h">
      <Filter>Header Files</Filter>
    </ClInclude>
    <ClInclude Include="include\std_extension\SpinlockStdExt.h">
      <Filter>Header Files</Filter>
    </ClInclude>
    <ClInclude Include="include\NativeType.h">
      <Filter>Header Files</Filter>
    </ClInclude>
    <ClInclude Include="include\Spinlock.h">
      <Filter>Header Files</Filter>
    </ClInclude>
    <ClInclude Include="include\scheduler\fiber\FiberFuncData.h">
      <Filter>Header Files</Filter>
    </ClInclude>
  </ItemGroup>
  <ItemGroup>
    <ClCompile Include="src\scheduler\fiber\FiberEntryPoint.cpp">
      <Filter>Source Files</Filter>
    </ClCompile>
    <ClCompile Include="src\scheduler\fiber\FiberTaskScheduler.cpp">
      <Filter>Source Files</Filter>
    </ClCompile>
    <ClCompile Include="src\scheduler\fiber\FiberTaskSchedulerAgent.cpp">
      <Filter>Source Files</Filter>
    </ClCompile>
    <ClCompile Include="src\scheduler\fiber\FiberTaskSchedulerProxy.cpp">
      <Filter>Source Files</Filter>
    </ClCompile>
    <ClCompile Include="src\scheduler\fiber\WindowsFiberHelper.cpp">
      <Filter>Source Files</Filter>
    </ClCompile>
    <ClCompile Include="src\Source.cpp">
      <Filter>Source Files</Filter>
    </ClCompile>
  </ItemGroup>
</Project>